
Microsoft Visual Studio Solution File, Format Version 12.00
# Visual Studio Version 17
VisualStudioVersion = 17.4.33213.308
MinimumVisualStudioVersion = 10.0.40219.1
Project("{FAE04EC0-301F-11D3-BF4B-00C04F79EFBC}") = "NetworkProgramming-Mail-HW1", "NetworkProgramming-Mail-HW1\NetworkProgramming-Mail-HW1.csproj", "{0CF101B7-7DE4-4A35-AF8A-CEFD765E9BE1}"
EndProject
Global
	GlobalSection(SolutionConfigurationPlatforms) = preSolution
		Debug|Any CPU = Debug|Any CPU
		Release|Any CPU = Release|Any CPU
	EndGlobalSection
	GlobalSection(ProjectConfigurationPlatforms) = postSolution
		{0CF101B7-7DE4-4A35-AF8A-CEFD765E9BE1}.Debug|Any CPU.ActiveCfg = Debug|Any CPU
		{0CF101B7-7DE4-4A35-AF8A-CEFD765E9BE1}.Debug|Any CPU.Build.0 = Debug|Any CPU
		{0CF101B7-7DE4-4A35-AF8A-CEFD765E9BE1}.Release|Any CPU.ActiveCfg = Release|Any CPU
		{0CF101B7-7DE4-4A35-AF8A-CEFD765E9BE1}.Release|Any CPU.Build.0 = Release|Any CPU
	EndGlobalSection
	GlobalSection(SolutionProperties) = preSolution
		HideSolutionNode = FALSE
	EndGlobalSection
	GlobalSection(ExtensibilityGlobals) = postSolution
		SolutionGuid = {0E49528A-36B2-4B4A-88C3-786C939B7BB8}
	EndGlobalSection
EndGlobal
